
Microsoft Visual Studio Solution File, Format Version 12.00
# Visual Studio Version 16
VisualStudioVersion = 16.0.31729.503
MinimumVisualStudioVersion = 10.0.40219.1
Project("{FAE04EC0-301F-11D3-BF4B-00C04F79EFBC}") = "Client", "Client\Client.csproj", "{500EB07D-E1C9-42CF-83C1-4782189C5129}"
EndProject
Global
	GlobalSection(SolutionConfigurationPlatforms) = preSolution
		Debug|Any CPU = Debug|Any CPU
		Release|Any CPU = Release|Any CPU
	EndGlobalSection
	GlobalSection(ProjectConfigurationPlatforms) = postSolution
		{500EB07D-E1C9-42CF-83C1-4782189C5129}.Debug|Any CPU.ActiveCfg = Debug|Any CPU
		{500EB07D-E1C9-42CF-83C1-4782189C5129}.Debug|Any CPU.Build.0 = Debug|Any CPU
		{500EB07D-E1C9-42CF-83C1-4782189C5129}.Release|Any CPU.ActiveCfg = Release|Any CPU
		{500EB07D-E1C9-42CF-83C1-4782189C5129}.Release|Any CPU.Build.0 = Release|Any CPU
	EndGlobalSection
	GlobalSection(SolutionProperties) = preSolution
		HideSolutionNode = FALSE
	EndGlobalSection
	GlobalSection(ExtensibilityGlobals) = postSolution
		SolutionGuid = {270DD051-5821-4302-8AB7-2CDF267ACA86}
	EndGlobalSection
EndGlobal
